
Microsoft Visual Studio Solution File, Format Version 12.00
# Visual Studio Version 17
VisualStudioVersion = 17.2.32630.192
MinimumVisualStudioVersion = 10.0.40219.1
Project("{FAE04EC0-301F-11D3-BF4B-00C04F79EFBC}") = "02a_VariablesDanilo", "02a_VariablesDanilo\02a_VariablesDanilo.csproj", "{114DCF8C-5436-4FF2-A043-879C2DD0C9B7}"
EndProject
Global
	GlobalSection(SolutionConfigurationPlatforms) = preSolution
		Debug|Any CPU = Debug|Any CPU
		Release|Any CPU = Release|Any CPU
	EndGlobalSection
	GlobalSection(ProjectConfigurationPlatforms) = postSolution
		{114DCF8C-5436-4FF2-A043-879C2DD0C9B7}.Debug|Any CPU.ActiveCfg = Debug|Any CPU
		{114DCF8C-5436-4FF2-A043-879C2DD0C9B7}.Debug|Any CPU.Build.0 = Debug|Any CPU
		{114DCF8C-5436-4FF2-A043-879C2DD0C9B7}.Release|Any CPU.ActiveCfg = Release|Any CPU
		{114DCF8C-5436-4FF2-A043-879C2DD0C9B7}.Release|Any CPU.Build.0 = Release|Any CPU
	EndGlobalSection
	GlobalSection(SolutionProperties) = preSolution
		HideSolutionNode = FALSE
	EndGlobalSection
	GlobalSection(ExtensibilityGlobals) = postSolution
		SolutionGuid = {FD00B696-E4F8-4767-8DB4-86D4C98177B3}
	EndGlobalSection
EndGlobal
